
Microsoft Visual Studio Solution File, Format Version 12.00
# Visual Studio Version 17
VisualStudioVersion = 17.2.32505.173
MinimumVisualStudioVersion = 10.0.40219.1
Project("{2150E333-8FDC-42A3-9474-1A3956D46DE8}") = "03-Common", "03-Common", "{87C667D6-17D6-48A9-9A35-4E1CAEA0B27D}"
EndProject
Project("{2150E333-8FDC-42A3-9474-1A3956D46DE8}") = "02-Service", "02-Service", "{CCFF05A8-ACF5-403A-98DA-C163511B32C9}"
EndProject
Project("{2150E333-8FDC-42A3-9474-1A3956D46DE8}") = "03.02-System", "03.02-System", "{5DC90522-0823-4200-A92D-FC35DC3ECD46}"
EndProject
Project("{9A19103F-16F7-4668-BE54-9A1E7A4F7556}") = "EIP.Common.Cache", "src\Common\EIP.Common.Cache\EIP.Common.Cache.csproj", "{250DBC01-7F8C-4154-B6F1-A55D00D1BEB6}"
EndProject
Project("{9A19103F-16F7-4668-BE54-9A1E7A4F7556}") = "EIP.Common.Controller", "src\Common\EIP.Common.Controller\EIP.Common.Controller.csproj", "{AEA7EE53-D0A2-49B2-BDD6-81874D899820}"
EndProject
Project("{9A19103F-16F7-4668-BE54-9A1E7A4F7556}") = "EIP.Common.Logic", "src\Common\EIP.Common.Logic\EIP.Common.Logic.csproj", "{B5CDD86F-A829-4445-8636-F1554044A6CF}"
EndProject
Project("{9A19103F-16F7-4668-BE54-9A1E7A4F7556}") = "EIP.Common.Models", "src\Common\EIP.Common.Models\EIP.Common.Models.csproj", "{7272FD70-D52A-47D3-AD1D-D6B0B19CF9F4}"
EndProject
Project("{9A19103F-16F7-4668-BE54-9A1E7A4F7556}") = "EIP.Common.Quartz", "src\Common\EIP.Common.Quartz\EIP.Common.Quartz.csproj", "{9825F3AC-A7B7-48DD-B14B-62380B6F72F0}"
EndProject
Project("{9A19103F-16F7-4668-BE54-9A1E7A4F7556}") = "EIP.Common.Repository", "src\Common\EIP.Common.Repository\EIP.Common.Repository.csproj", "{E888B86B-7861-430D-A817-E4DB3CF1097A}"
EndProject
Project("{9A19103F-16F7-4668-BE54-9A1E7A4F7556}") = "EIP.System.Logic", "src\Service\System\EIP.System.Logic\EIP.System.Logic.csproj", "{13BB3994-B427-40F6-A137-77EF18105842}"
EndProject
Project("{9A19103F-16F7-4668-BE54-9A1E7A4F7556}") = "EIP.System.Models", "src\Service\System\EIP.System.Models\EIP.System.Models.csproj", "{C975B907-2EF7-45E6-AD74-0C658D7693E5}"
EndProject
Project("{9A19103F-16F7-4668-BE54-9A1E7A4F7556}") = "EIP.System.Repository", "src\Service\System\EIP.System.Repository\EIP.System.Repository.csproj", "{83448D1B-1434-42BD-8DCB-28F78A9805D8}"
EndProject
Project("{2150E333-8FDC-42A3-9474-1A3956D46DE8}") = "03.01-Base", "03.01-Base", "{55EAC00A-DD4D-4738-9CFC-E9A609417636}"
EndProject
Project("{9A19103F-16F7-4668-BE54-9A1E7A4F7556}") = "EIP.Common.JwtAuthorize", "src\Common\EIP.Common.JwtAuthorize\EIP.Common.JwtAuthorize.csproj", "{158975FC-CA4C-4C6C-8E09-04C28ED7425D}"
EndProject
Project("{9A19103F-16F7-4668-BE54-9A1E7A4F7556}") = "EIP.Common.Message", "src\Common\EIP.Common.Message\EIP.Common.Message.csproj", "{67010EFA-5891-4AAD-B73B-D043BFE89887}"
EndProject
Project("{9A19103F-16F7-4668-BE54-9A1E7A4F7556}") = "EIP.Common.Log", "src\Common\EIP.Common.Log\EIP.Common.Log.csproj", "{2BAF3F3B-4FAA-4667-B9EE-8FFEF0ACA4A8}"
EndProject
Project("{9A19103F-16F7-4668-BE54-9A1E7A4F7556}") = "EIP.Common.Config", "src\Common\EIP.Common.Config\EIP.Common.Config.csproj", "{5DB1D1A5-BF0C-4518-A3BE-BBD546C581E9}"
EndProject
Project("{9A19103F-16F7-4668-BE54-9A1E7A4F7556}") = "EIP.System.Controller", "src\Service\System\EIP.System.Controller\EIP.System.Controller.csproj", "{D67332EC-FACB-42C3-9D97-EA794C039F97}"
EndProject
Project("{2150E333-8FDC-42A3-9474-1A3956D46DE8}") = "01-Api", "01-Api", "{81E2FC39-A866-455F-8CC8-09DAAE9605F7}"
EndProject
Project("{9A19103F-16F7-4668-BE54-9A1E7A4F7556}") = "EIP.Common.RateLimit", "src\Common\EIP.Common.RateLimit\EIP.Common.RateLimit.csproj", "{3A71BD90-B1C6-4851-B8E3-52AC70923420}"
EndProject
Project("{2150E333-8FDC-42A3-9474-1A3956D46DE8}") = "03.03-Workflow", "03.03-Workflow", "{0A2D9F25-2486-40D1-B097-0BA78583FA50}"
EndProject
Project("{9A19103F-16F7-4668-BE54-9A1E7A4F7556}") = "EIP.Workflow.Controller", "src\Service\Workflow\EIP.Workflow.Controller\EIP.Workflow.Controller.csproj", "{02573121-76CD-4901-BB15-37B5D226F813}"
EndProject
Project("{9A19103F-16F7-4668-BE54-9A1E7A4F7556}") = "EIP.Workflow.Logic", "src\Service\Workflow\EIP.Workflow.Logic\EIP.Workflow.Logic.csproj", "{32C52B12-5D84-47BE-B7B1-EA56284AF38A}"
EndProject
Project("{9A19103F-16F7-4668-BE54-9A1E7A4F7556}") = "EIP.Workflow.Models", "src\Service\Workflow\EIP.Workflow.Models\EIP.Workflow.Models.csproj", "{5DE20954-DF71-4147-957A-1AA4BB4DDDFE}"
EndProject
Project("{9A19103F-16F7-4668-BE54-9A1E7A4F7556}") = "EIP.Workflow.Repository", "src\Service\Workflow\EIP.Workflow.Repository\EIP.Workflow.Repository.csproj", "{DFB82DE8-741D-4979-9392-01955B052862}"
EndProject
Project("{9A19103F-16F7-4668-BE54-9A1E7A4F7556}") = "EIP.Base.Repository", "src\Service\Base\EIP.Base.Repository\EIP.Base.Repository.csproj", "{238FCD1D-6143-4652-9483-DD8DA3BE6065}"
EndProject
Project("{9A19103F-16F7-4668-BE54-9A1E7A4F7556}") = "EIP.Base.Models", "src\Service\Base\EIP.Base.Models\EIP.Base.Models.csproj", "{BF86D813-666D-4D0C-8030-2F798262EF33}"
EndProject
Project("{9A19103F-16F7-4668-BE54-9A1E7A4F7556}") = "EIP.Workflow.Engine", "src\Service\Workflow\EIP.Workflow.Engine\EIP.Workflow.Engine.csproj", "{30E14559-AB6E-4C37-BC40-DD8BF939B1CF}"
EndProject
Project("{9A19103F-16F7-4668-BE54-9A1E7A4F7556}") = "EIP.Workflow.Job", "src\Service\Workflow\EIP.Workflow.Job\EIP.Workflow.Job.csproj", "{1BB58663-4261-4347-B05B-8D517E6DD0F5}"
EndProject
Project("{9A19103F-16F7-4668-BE54-9A1E7A4F7556}") = "EIP.Api", "src\Api\EIP.Api\EIP.Api.csproj", "{623B4C83-2C86-439D-8EBD-C58222F92825}"
EndProject
Project("{9A19103F-16F7-4668-BE54-9A1E7A4F7556}") = "EIP.Common.Cap", "src\Common\EIP.Common.Cap\EIP.Common.Cap.csproj", "{56DB9134-45A1-4D9D-A3CF-AAF87C44D528}"
EndProject
Project("{9A19103F-16F7-4668-BE54-9A1E7A4F7556}") = "EIP.Common.OAuth", "src\Common\EIP.Common.OAuth\EIP.Common.OAuth.csproj", "{9854A97B-F5F3-4C64-8F9E-01371FDFCC07}"
EndProject
Project("{9A19103F-16F7-4668-BE54-9A1E7A4F7556}") = "EIP.Common.Core", "src\Common\EIP.Common.Core\EIP.Common.Core.csproj", "{7C125BD3-CB1B-4A29-BCB5-A4805B31A988}"
EndProject
Project("{2150E333-8FDC-42A3-9474-1A3956D46DE8}") = "03.04-Job", "03.04-Job", "{BA71BC49-E280-4A2C-A7A2-6A247857C100}"
EndProject
Project("{9A19103F-16F7-4668-BE54-9A1E7A4F7556}") = "EIP.Job", "src\Service\Job\EIP.Job\EIP.Job.csproj", "{EFB2DC2D-5547-4E13-8109-30FD4E1D4011}"
EndProject
Project("{2150E333-8FDC-42A3-9474-1A3956D46DE8}") = "03.05-DataRoom", "03.05-DataRoom", "{A394528B-BBF3-4FCC-992E-4C7944F5E013}"
EndProject
Project("{9A19103F-16F7-4668-BE54-9A1E7A4F7556}") = "EIP.DataRoom.Controller", "src\Service\DataRoom\EIP.DataRoom.Controller\EIP.DataRoom.Controller.csproj", "{6322270B-6084-41D5-A138-B72080049FA8}"
EndProject
Project("{9A19103F-16F7-4668-BE54-9A1E7A4F7556}") = "EIP.DataRoom.Logic", "src\Service\DataRoom\EIP.DataRoom.Logic\EIP.DataRoom.Logic.csproj", "{4B1549E3-4D23-4E18-8F86-8242718F8813}"
EndProject
Project("{9A19103F-16F7-4668-BE54-9A1E7A4F7556}") = "EIP.DataRoom.Models", "src\Service\DataRoom\EIP.DataRoom.Models\EIP.DataRoom.Models.csproj", "{DE165C7C-7C2F-45AE-84AE-1F7BC3020597}"
EndProject
Project("{9A19103F-16F7-4668-BE54-9A1E7A4F7556}") = "EIP.DataRoom.Repository", "src\Service\DataRoom\EIP.DataRoom.Repository\EIP.DataRoom.Repository.csproj", "{400740CA-3812-4FDF-A5C5-54841E1E49E9}"
EndProject
Global
	GlobalSection(SolutionConfigurationPlatforms) = preSolution
		Debug|Any CPU = Debug|Any CPU
		Release|Any CPU = Release|Any CPU
	EndGlobalSection
	GlobalSection(ProjectConfigurationPlatforms) = postSolution
		{250DBC01-7F8C-4154-B6F1-A55D00D1BEB6}.Debug|Any CPU.ActiveCfg = Debug|Any CPU
		{250DBC01-7F8C-4154-B6F1-A55D00D1BEB6}.Debug|Any CPU.Build.0 = Debug|Any CPU
		{250DBC01-7F8C-4154-B6F1-A55D00D1BEB6}.Release|Any CPU.ActiveCfg = Release|Any CPU
		{250DBC01-7F8C-4154-B6F1-A55D00D1BEB6}.Release|Any CPU.Build.0 = Release|Any CPU
		{AEA7EE53-D0A2-49B2-BDD6-81874D899820}.Debug|Any CPU.ActiveCfg = Debug|Any CPU
		{AEA7EE53-D0A2-49B2-BDD6-81874D899820}.Debug|Any CPU.Build.0 = Debug|Any CPU
		{AEA7EE53-D0A2-49B2-BDD6-81874D899820}.Release|Any CPU.ActiveCfg = Release|Any CPU
		{AEA7EE53-D0A2-49B2-BDD6-81874D899820}.Release|Any CPU.Build.0 = Release|Any CPU
		{B5CDD86F-A829-4445-8636-F1554044A6CF}.Debug|Any CPU.ActiveCfg = Debug|Any CPU
		{B5CDD86F-A829-4445-8636-F1554044A6CF}.Debug|Any CPU.Build.0 = Debug|Any CPU
		{B5CDD86F-A829-4445-8636-F1554044A6CF}.Release|Any CPU.ActiveCfg = Release|Any CPU
		{B5CDD86F-A829-4445-8636-F1554044A6CF}.Release|Any CPU.Build.0 = Release|Any CPU
		{7272FD70-D52A-47D3-AD1D-D6B0B19CF9F4}.Debug|Any CPU.ActiveCfg = Debug|Any CPU
		{7272FD70-D52A-47D3-AD1D-D6B0B19CF9F4}.Debug|Any CPU.Build.0 = Debug|Any CPU
		{7272FD70-D52A-47D3-AD1D-D6B0B19CF9F4}.Release|Any CPU.ActiveCfg = Release|Any CPU
		{7272FD70-D52A-47D3-AD1D-D6B0B19CF9F4}.Release|Any CPU.Build.0 = Release|Any CPU
		{9825F3AC-A7B7-48DD-B14B-62380B6F72F0}.Debug|Any CPU.ActiveCfg = Debug|Any CPU
		{9825F3AC-A7B7-48DD-B14B-62380B6F72F0}.Debug|Any CPU.Build.0 = Debug|Any CPU
		{9825F3AC-A7B7-48DD-B14B-62380B6F72F0}.Release|Any CPU.ActiveCfg = Release|Any CPU
		{9825F3AC-A7B7-48DD-B14B-62380B6F72F0}.Release|Any CPU.Build.0 = Release|Any CPU
		{E888B86B-7861-430D-A817-E4DB3CF1097A}.Debug|Any CPU.ActiveCfg = Debug|Any CPU
		{E888B86B-7861-430D-A817-E4DB3CF1097A}.Debug|Any CPU.Build.0 = Debug|Any CPU
		{E888B86B-7861-430D-A817-E4DB3CF1097A}.Release|Any CPU.ActiveCfg = Release|Any CPU
		{E888B86B-7861-430D-A817-E4DB3CF1097A}.Release|Any CPU.Build.0 = Release|Any CPU
		{13BB3994-B427-40F6-A137-77EF18105842}.Debug|Any CPU.ActiveCfg = Debug|Any CPU
		{13BB3994-B427-40F6-A137-77EF18105842}.Debug|Any CPU.Build.0 = Debug|Any CPU
		{13BB3994-B427-40F6-A137-77EF18105842}.Release|Any CPU.ActiveCfg = Release|Any CPU
		{13BB3994-B427-40F6-A137-77EF18105842}.Release|Any CPU.Build.0 = Release|Any CPU
		{C975B907-2EF7-45E6-AD74-0C658D7693E5}.Debug|Any CPU.ActiveCfg = Debug|Any CPU
		{C975B907-2EF7-45E6-AD74-0C658D7693E5}.Debug|Any CPU.Build.0 = Debug|Any CPU
		{C975B907-2EF7-45E6-AD74-0C658D7693E5}.Release|Any CPU.ActiveCfg = Release|Any CPU
		{C975B907-2EF7-45E6-AD74-0C658D7693E5}.Release|Any CPU.Build.0 = Release|Any CPU
		{83448D1B-1434-42BD-8DCB-28F78A9805D8}.Debug|Any CPU.ActiveCfg = Debug|Any CPU
		{83448D1B-1434-42BD-8DCB-28F78A9805D8}.Debug|Any CPU.Build.0 = Debug|Any CPU
		{83448D1B-1434-42BD-8DCB-28F78A9805D8}.Release|Any CPU.ActiveCfg = Release|Any CPU
		{83448D1B-1434-42BD-8DCB-28F78A9805D8}.Release|Any CPU.Build.0 = Release|Any CPU
		{158975FC-CA4C-4C6C-8E09-04C28ED7425D}.Debug|Any CPU.ActiveCfg = Debug|Any CPU
		{158975FC-CA4C-4C6C-8E09-04C28ED7425D}.Debug|Any CPU.Build.0 = Debug|Any CPU
		{158975FC-CA4C-4C6C-8E09-04C28ED7425D}.Release|Any CPU.ActiveCfg = Release|Any CPU
		{158975FC-CA4C-4C6C-8E09-04C28ED7425D}.Release|Any CPU.Build.0 = Release|Any CPU
		{67010EFA-5891-4AAD-B73B-D043BFE89887}.Debug|Any CPU.ActiveCfg = Debug|Any CPU
		{67010EFA-5891-4AAD-B73B-D043BFE89887}.Debug|Any CPU.Build.0 = Debug|Any CPU
		{67010EFA-5891-4AAD-B73B-D043BFE89887}.Release|Any CPU.ActiveCfg = Release|Any CPU
		{67010EFA-5891-4AAD-B73B-D043BFE89887}.Release|Any CPU.Build.0 = Release|Any CPU
		{2BAF3F3B-4FAA-4667-B9EE-8FFEF0ACA4A8}.Debug|Any CPU.ActiveCfg = Debug|Any CPU
		{2BAF3F3B-4FAA-4667-B9EE-8FFEF0ACA4A8}.Debug|Any CPU.Build.0 = Debug|Any CPU
		{2BAF3F3B-4FAA-4667-B9EE-8FFEF0ACA4A8}.Release|Any CPU.ActiveCfg = Release|Any CPU
		{2BAF3F3B-4FAA-4667-B9EE-8FFEF0ACA4A8}.Release|Any CPU.Build.0 = Release|Any CPU
		{5DB1D1A5-BF0C-4518-A3BE-BBD546C581E9}.Debug|Any CPU.ActiveCfg = Debug|Any CPU
		{5DB1D1A5-BF0C-4518-A3BE-BBD546C581E9}.Debug|Any CPU.Build.0 = Debug|Any CPU
		{5DB1D1A5-BF0C-4518-A3BE-BBD546C581E9}.Release|Any CPU.ActiveCfg = Release|Any CPU
		{5DB1D1A5-BF0C-4518-A3BE-BBD546C581E9}.Release|Any CPU.Build.0 = Release|Any CPU
		{D67332EC-FACB-42C3-9D97-EA794C039F97}.Debug|Any CPU.ActiveCfg = Debug|Any CPU
		{D67332EC-FACB-42C3-9D97-EA794C039F97}.Debug|Any CPU.Build.0 = Debug|Any CPU
		{D67332EC-FACB-42C3-9D97-EA794C039F97}.Release|Any CPU.ActiveCfg = Release|Any CPU
		{D67332EC-FACB-42C3-9D97-EA794C039F97}.Release|Any CPU.Build.0 = Release|Any CPU
		{3A71BD90-B1C6-4851-B8E3-52AC70923420}.Debug|Any CPU.ActiveCfg = Debug|Any CPU
		{3A71BD90-B1C6-4851-B8E3-52AC70923420}.Debug|Any CPU.Build.0 = Debug|Any CPU
		{3A71BD90-B1C6-4851-B8E3-52AC70923420}.Release|Any CPU.ActiveCfg = Release|Any CPU
		{3A71BD90-B1C6-4851-B8E3-52AC70923420}.Release|Any CPU.Build.0 = Release|Any CPU
		{02573121-76CD-4901-BB15-37B5D226F813}.Debug|Any CPU.ActiveCfg = Debug|Any CPU
		{02573121-76CD-4901-BB15-37B5D226F813}.Debug|Any CPU.Build.0 = Debug|Any CPU
		{02573121-76CD-4901-BB15-37B5D226F813}.Release|Any CPU.ActiveCfg = Release|Any CPU
		{02573121-76CD-4901-BB15-37B5D226F813}.Release|Any CPU.Build.0 = Release|Any CPU
		{32C52B12-5D84-47BE-B7B1-EA56284AF38A}.Debug|Any CPU.ActiveCfg = Debug|Any CPU
		{32C52B12-5D84-47BE-B7B1-EA56284AF38A}.Debug|Any CPU.Build.0 = Debug|Any CPU
		{32C52B12-5D84-47BE-B7B1-EA56284AF38A}.Release|Any CPU.ActiveCfg = Release|Any CPU
		{32C52B12-5D84-47BE-B7B1-EA56284AF38A}.Release|Any CPU.Build.0 = Release|Any CPU
		{5DE20954-DF71-4147-957A-1AA4BB4DDDFE}.Debug|Any CPU.ActiveCfg = Debug|Any CPU
		{5DE20954-DF71-4147-957A-1AA4BB4DDDFE}.Debug|Any CPU.Build.0 = Debug|Any CPU
		{5DE20954-DF71-4147-957A-1AA4BB4DDDFE}.Release|Any CPU.ActiveCfg = Release|Any CPU
		{5DE20954-DF71-4147-957A-1AA4BB4DDDFE}.Release|Any CPU.Build.0 = Release|Any CPU
		{DFB82DE8-741D-4979-9392-01955B052862}.Debug|Any CPU.ActiveCfg = Debug|Any CPU
		{DFB82DE8-741D-4979-9392-01955B052862}.Debug|Any CPU.Build.0 = Debug|Any CPU
		{DFB82DE8-741D-4979-9392-01955B052862}.Release|Any CPU.ActiveCfg = Release|Any CPU
		{DFB82DE8-741D-4979-9392-01955B052862}.Release|Any CPU.Build.0 = Release|Any CPU
		{238FCD1D-6143-4652-9483-DD8DA3BE6065}.Debug|Any CPU.ActiveCfg = Debug|Any CPU
		{238FCD1D-6143-4652-9483-DD8DA3BE6065}.Debug|Any CPU.Build.0 = Debug|Any CPU
		{238FCD1D-6143-4652-9483-DD8DA3BE6065}.Release|Any CPU.ActiveCfg = Release|Any CPU
		{238FCD1D-6143-4652-9483-DD8DA3BE6065}.Release|Any CPU.Build.0 = Release|Any CPU
		{BF86D813-666D-4D0C-8030-2F798262EF33}.Debug|Any CPU.ActiveCfg = Debug|Any CPU
		{BF86D813-666D-4D0C-8030-2F798262EF33}.Debug|Any CPU.Build.0 = Debug|Any CPU
		{BF86D813-666D-4D0C-8030-2F798262EF33}.Release|Any CPU.ActiveCfg = Release|Any CPU
		{BF86D813-666D-4D0C-8030-2F798262EF33}.Release|Any CPU.Build.0 = Release|Any CPU
		{30E14559-AB6E-4C37-BC40-DD8BF939B1CF}.Debug|Any CPU.ActiveCfg = Debug|Any CPU
		{30E14559-AB6E-4C37-BC40-DD8BF939B1CF}.Debug|Any CPU.Build.0 = Debug|Any CPU
		{30E14559-AB6E-4C37-BC40-DD8BF939B1CF}.Release|Any CPU.ActiveCfg = Release|Any CPU
		{30E14559-AB6E-4C37-BC40-DD8BF939B1CF}.Release|Any CPU.Build.0 = Release|Any CPU
		{1BB58663-4261-4347-B05B-8D517E6DD0F5}.Debug|Any CPU.ActiveCfg = Debug|Any CPU
		{1BB58663-4261-4347-B05B-8D517E6DD0F5}.Debug|Any CPU.Build.0 = Debug|Any CPU
		{1BB58663-4261-4347-B05B-8D517E6DD0F5}.Release|Any CPU.ActiveCfg = Release|Any CPU
		{1BB58663-4261-4347-B05B-8D517E6DD0F5}.Release|Any CPU.Build.0 = Release|Any CPU
		{623B4C83-2C86-439D-8EBD-C58222F92825}.Debug|Any CPU.ActiveCfg = Debug|Any CPU
		{623B4C83-2C86-439D-8EBD-C58222F92825}.Debug|Any CPU.Build.0 = Debug|Any CPU
		{623B4C83-2C86-439D-8EBD-C58222F92825}.Release|Any CPU.ActiveCfg = Release|Any CPU
		{623B4C83-2C86-439D-8EBD-C58222F92825}.Release|Any CPU.Build.0 = Release|Any CPU
		{56DB9134-45A1-4D9D-A3CF-AAF87C44D528}.Debug|Any CPU.ActiveCfg = Debug|Any CPU
		{56DB9134-45A1-4D9D-A3CF-AAF87C44D528}.Debug|Any CPU.Build.0 = Debug|Any CPU
		{56DB9134-45A1-4D9D-A3CF-AAF87C44D528}.Release|Any CPU.ActiveCfg = Release|Any CPU
		{56DB9134-45A1-4D9D-A3CF-AAF87C44D528}.Release|Any CPU.Build.0 = Release|Any CPU
		{9854A97B-F5F3-4C64-8F9E-01371FDFCC07}.Debug|Any CPU.ActiveCfg = Debug|Any CPU
		{9854A97B-F5F3-4C64-8F9E-01371FDFCC07}.Debug|Any CPU.Build.0 = Debug|Any CPU
		{9854A97B-F5F3-4C64-8F9E-01371FDFCC07}.Release|Any CPU.ActiveCfg = Release|Any CPU
		{9854A97B-F5F3-4C64-8F9E-01371FDFCC07}.Release|Any CPU.Build.0 = Release|Any CPU
		{7C125BD3-CB1B-4A29-BCB5-A4805B31A988}.Debug|Any CPU.ActiveCfg = Debug|Any CPU
		{7C125BD3-CB1B-4A29-BCB5-A4805B31A988}.Debug|Any CPU.Build.0 = Debug|Any CPU
		{7C125BD3-CB1B-4A29-BCB5-A4805B31A988}.Release|Any CPU.ActiveCfg = Release|Any CPU
		{7C125BD3-CB1B-4A29-BCB5-A4805B31A988}.Release|Any CPU.Build.0 = Release|Any CPU
		{EFB2DC2D-5547-4E13-8109-30FD4E1D4011}.Debug|Any CPU.ActiveCfg = Debug|Any CPU
		{EFB2DC2D-5547-4E13-8109-30FD4E1D4011}.Debug|Any CPU.Build.0 = Debug|Any CPU
		{EFB2DC2D-5547-4E13-8109-30FD4E1D4011}.Release|Any CPU.ActiveCfg = Release|Any CPU
		{EFB2DC2D-5547-4E13-8109-30FD4E1D4011}.Release|Any CPU.Build.0 = Release|Any CPU
		{6322270B-6084-41D5-A138-B72080049FA8}.Debug|Any CPU.ActiveCfg = Debug|Any CPU
		{6322270B-6084-41D5-A138-B72080049FA8}.Debug|Any CPU.Build.0 = Debug|Any CPU
		{6322270B-6084-41D5-A138-B72080049FA8}.Release|Any CPU.ActiveCfg = Release|Any CPU
		{6322270B-6084-41D5-A138-B72080049FA8}.Release|Any CPU.Build.0 = Release|Any CPU
		{4B1549E3-4D23-4E18-8F86-8242718F8813}.Debug|Any CPU.ActiveCfg = Debug|Any CPU
		{4B1549E3-4D23-4E18-8F86-8242718F8813}.Debug|Any CPU.Build.0 = Debug|Any CPU
		{4B1549E3-4D23-4E18-8F86-8242718F8813}.Release|Any CPU.ActiveCfg = Release|Any CPU
		{4B1549E3-4D23-4E18-8F86-8242718F8813}.Release|Any CPU.Build.0 = Release|Any CPU
		{DE165C7C-7C2F-45AE-84AE-1F7BC3020597}.Debug|Any CPU.ActiveCfg = Debug|Any CPU
		{DE165C7C-7C2F-45AE-84AE-1F7BC3020597}.Debug|Any CPU.Build.0 = Debug|Any CPU
		{DE165C7C-7C2F-45AE-84AE-1F7BC3020597}.Release|Any CPU.ActiveCfg = Release|Any CPU
		{DE165C7C-7C2F-45AE-84AE-1F7BC3020597}.Release|Any CPU.Build.0 = Release|Any CPU
		{400740CA-3812-4FDF-A5C5-54841E1E49E9}.Debug|Any CPU.ActiveCfg = Debug|Any CPU
		{400740CA-3812-4FDF-A5C5-54841E1E49E9}.Debug|Any CPU.Build.0 = Debug|Any CPU
		{400740CA-3812-4FDF-A5C5-54841E1E49E9}.Release|Any CPU.ActiveCfg = Release|Any CPU
		{400740CA-3812-4FDF-A5C5-54841E1E49E9}.Release|Any CPU.Build.0 = Release|Any CPU
	EndGlobalSection
	GlobalSection(SolutionProperties) = preSolution
		HideSolutionNode = FALSE
	EndGlobalSection
	GlobalSection(NestedProjects) = preSolution
		{5DC90522-0823-4200-A92D-FC35DC3ECD46} = {CCFF05A8-ACF5-403A-98DA-C163511B32C9}
		{250DBC01-7F8C-4154-B6F1-A55D00D1BEB6} = {87C667D6-17D6-48A9-9A35-4E1CAEA0B27D}
		{AEA7EE53-D0A2-49B2-BDD6-81874D899820} = {87C667D6-17D6-48A9-9A35-4E1CAEA0B27D}
		{B5CDD86F-A829-4445-8636-F1554044A6CF} = {87C667D6-17D6-48A9-9A35-4E1CAEA0B27D}
		{7272FD70-D52A-47D3-AD1D-D6B0B19CF9F4} = {87C667D6-17D6-48A9-9A35-4E1CAEA0B27D}
		{9825F3AC-A7B7-48DD-B14B-62380B6F72F0} = {87C667D6-17D6-48A9-9A35-4E1CAEA0B27D}
		{E888B86B-7861-430D-A817-E4DB3CF1097A} = {87C667D6-17D6-48A9-9A35-4E1CAEA0B27D}
		{13BB3994-B427-40F6-A137-77EF18105842} = {5DC90522-0823-4200-A92D-FC35DC3ECD46}
		{C975B907-2EF7-45E6-AD74-0C658D7693E5} = {5DC90522-0823-4200-A92D-FC35DC3ECD46}
		{83448D1B-1434-42BD-8DCB-28F78A9805D8} = {5DC90522-0823-4200-A92D-FC35DC3ECD46}
		{55EAC00A-DD4D-4738-9CFC-E9A609417636} = {CCFF05A8-ACF5-403A-98DA-C163511B32C9}
		{158975FC-CA4C-4C6C-8E09-04C28ED7425D} = {87C667D6-17D6-48A9-9A35-4E1CAEA0B27D}
		{67010EFA-5891-4AAD-B73B-D043BFE89887} = {87C667D6-17D6-48A9-9A35-4E1CAEA0B27D}
		{2BAF3F3B-4FAA-4667-B9EE-8FFEF0ACA4A8} = {87C667D6-17D6-48A9-9A35-4E1CAEA0B27D}
		{5DB1D1A5-BF0C-4518-A3BE-BBD546C581E9} = {87C667D6-17D6-48A9-9A35-4E1CAEA0B27D}
		{D67332EC-FACB-42C3-9D97-EA794C039F97} = {5DC90522-0823-4200-A92D-FC35DC3ECD46}
		{3A71BD90-B1C6-4851-B8E3-52AC70923420} = {87C667D6-17D6-48A9-9A35-4E1CAEA0B27D}
		{0A2D9F25-2486-40D1-B097-0BA78583FA50} = {CCFF05A8-ACF5-403A-98DA-C163511B32C9}
		{02573121-76CD-4901-BB15-37B5D226F813} = {0A2D9F25-2486-40D1-B097-0BA78583FA50}
		{32C52B12-5D84-47BE-B7B1-EA56284AF38A} = {0A2D9F25-2486-40D1-B097-0BA78583FA50}
		{5DE20954-DF71-4147-957A-1AA4BB4DDDFE} = {0A2D9F25-2486-40D1-B097-0BA78583FA50}
		{DFB82DE8-741D-4979-9392-01955B052862} = {0A2D9F25-2486-40D1-B097-0BA78583FA50}
		{238FCD1D-6143-4652-9483-DD8DA3BE6065} = {55EAC00A-DD4D-4738-9CFC-E9A609417636}
		{BF86D813-666D-4D0C-8030-2F798262EF33} = {55EAC00A-DD4D-4738-9CFC-E9A609417636}
		{30E14559-AB6E-4C37-BC40-DD8BF939B1CF} = {0A2D9F25-2486-40D1-B097-0BA78583FA50}
		{1BB58663-4261-4347-B05B-8D517E6DD0F5} = {0A2D9F25-2486-40D1-B097-0BA78583FA50}
		{623B4C83-2C86-439D-8EBD-C58222F92825} = {81E2FC39-A866-455F-8CC8-09DAAE9605F7}
		{56DB9134-45A1-4D9D-A3CF-AAF87C44D528} = {87C667D6-17D6-48A9-9A35-4E1CAEA0B27D}
		{9854A97B-F5F3-4C64-8F9E-01371FDFCC07} = {87C667D6-17D6-48A9-9A35-4E1CAEA0B27D}
		{7C125BD3-CB1B-4A29-BCB5-A4805B31A988} = {87C667D6-17D6-48A9-9A35-4E1CAEA0B27D}
		{BA71BC49-E280-4A2C-A7A2-6A247857C100} = {CCFF05A8-ACF5-403A-98DA-C163511B32C9}
		{EFB2DC2D-5547-4E13-8109-30FD4E1D4011} = {BA71BC49-E280-4A2C-A7A2-6A247857C100}
		{A394528B-BBF3-4FCC-992E-4C7944F5E013} = {CCFF05A8-ACF5-403A-98DA-C163511B32C9}
		{6322270B-6084-41D5-A138-B72080049FA8} = {A394528B-BBF3-4FCC-992E-4C7944F5E013}
		{4B1549E3-4D23-4E18-8F86-8242718F8813} = {A394528B-BBF3-4FCC-992E-4C7944F5E013}
		{DE165C7C-7C2F-45AE-84AE-1F7BC3020597} = {A394528B-BBF3-4FCC-992E-4C7944F5E013}
		{400740CA-3812-4FDF-A5C5-54841E1E49E9} = {A394528B-BBF3-4FCC-992E-4C7944F5E013}
	EndGlobalSection
	GlobalSection(ExtensibilityGlobals) = postSolution
		SolutionGuid = {3F169E37-1C27-4067-B830-FAAD120FDDF4}
	EndGlobalSection
EndGlobal
